<?xml version="1.0" encoding="utf-8"?>
<Project ToolsVersion="4.0" xmlns="http://schemas.microsoft.com/developer/msbuild/2003">
  <ItemGroup>
    <Filter Include="Archivos de encabezado">
      <UniqueIdentifier>{93995380-89BD-4b04-88EB-625FBE52EBFB}</UniqueIdentifier>
      <Extensions>h;hh;hpp;hxx;hm;inl;inc;ipp;xsd</Extensions>
    </Filter>
    <Filter Include="Archivos de recursos">
      <UniqueIdentifier>{67DA6AB6-F800-4c08-8B7A-83BB121AAD01}</UniqueIdentifier>
      <Extensions>rc;ico;cur;bmp;dlg;rc2;rct;bin;rgs;gif;jpg;jpeg;jpe;resx;tiff;tif;png;wav;mfcribbon-ms</Extensions>
    </Filter>
    <Filter Include="Archivos de código fuente">
      <UniqueIdentifier>{4FC737F1-C7A5-4376-A066-2A32D752A2FF}</UniqueIdentifier>
      <Extensions>cpp;c;cc;cxx;def;odl;idl;hpj;bat;asm;asmx</Extensions>
    </Filter>
    <Filter Include="Archivos de código fuente\Escenas">
      <UniqueIdentifier>{1b569f7a-071f-4506-addb-84d79064795f}</UniqueIdentifier>
    </Filter>
    <Filter Include="Archivos de encabezado\Escenas">
      <UniqueIdentifier>{90f7119c-aeea-407b-9b73-81ede302e5c4}</UniqueIdentifier>
    </Filter>
    <Filter Include="Archivos de código fuente\Bibliotecas">
      <UniqueIdentifier>{d4465ca1-5174-48fe-a906-cb2b86d8a775}</UniqueIdentifier>
    </Filter>
    <Filter Include="Archivos de código fuente\Entidades">
      <UniqueIdentifier>{b2d11c8a-5ce8-4fae-b343-6cd63913923c}</UniqueIdentifier>
    </Filter>
    <Filter Include="Archivos de encabezado\Entidades">
      <UniqueIdentifier>{2c605067-0976-4789-906e-7ba1e576d3a4}</UniqueIdentifier>
    </Filter>
  </ItemGroup>
  <ItemGroup>
    <ClInclude Include="Scene.h">
      <Filter>Archivos de encabezado</Filter>
    </ClInclude>
    <ClInclude Include="Shader.h">
      <Filter>Archivos de encabezado</Filter>
    </ClInclude>
    <ClInclude Include="Mesh.h">
      <Filter>Archivos de encabezado</Filter>
    </ClInclude>
    <ClInclude Include="Camera.h">
      <Filter>Archivos de encabezado</Filter>
    </ClInclude>
    <ClInclude Include="Viewport.h">
      <Filter>Archivos de encabezado</Filter>
    </ClInclude>
    <ClInclude Include="Entity.h">
      <Filter>Archivos de encabezado</Filter>
    </ClInclude>
    <ClInclude Include="IG1App.h">
      <Filter>Archivos de encabezado</Filter>
    </ClInclude>
    <ClInclude Include="Image.h">
      <Filter>Archivos de encabezado</Filter>
    </ClInclude>
    <ClInclude Include="Texture.h">
      <Filter>Archivos de encabezado</Filter>
    </ClInclude>
    <ClInclude Include="Escenas\Scene1.h">
      <Filter>Archivos de encabezado\Escenas</Filter>
    </ClInclude>
    <ClInclude Include="Escenas\Scene2.h">
      <Filter>Archivos de encabezado\Escenas</Filter>
    </ClInclude>
    <ClInclude Include="Escenas\Scene3.h">
      <Filter>Archivos de encabezado\Escenas</Filter>
    </ClInclude>
    <ClInclude Include="Entidades\SingleColorEntity.h">
      <Filter>Archivos de encabezado\Entidades</Filter>
    </ClInclude>
    <ClInclude Include="Entidades\RegularPolygon.h">
      <Filter>Archivos de encabezado\Entidades</Filter>
    </ClInclude>
    <ClInclude Include="Entidades\RGBTriangle.h">
      <Filter>Archivos de encabezado\Entidades</Filter>
    </ClInclude>
    <ClInclude Include="Entidades\RGBRectangle.h">
      <Filter>Archivos de encabezado\Entidades</Filter>
    </ClInclude>
    <ClInclude Include="Entidades\Cube.h">
      <Filter>Archivos de encabezado\Entidades</Filter>
    </ClInclude>
    <ClInclude Include="Entidades\RGBCube.h">
      <Filter>Archivos de encabezado\Entidades</Filter>
    </ClInclude>
    <ClInclude Include="Escenas\Scene4.h">
      <Filter>Archivos de encabezado\Escenas</Filter>
    </ClInclude>
    <ClInclude Include="Entidades\Ground.h">
      <Filter>Archivos de encabezado\Entidades</Filter>
    </ClInclude>
    <ClInclude Include="Entidades\BoxOutline.h">
      <Filter>Archivos de encabezado\Entidades</Filter>
    </ClInclude>
    <ClInclude Include="Entidades\EntityWithTexture.h">
      <Filter>Archivos de encabezado\Entidades</Filter>
    </ClInclude>
    <ClInclude Include="Entidades\Star3D.h">
      <Filter>Archivos de encabezado\Entidades</Filter>
    </ClInclude>
    <ClInclude Include="Entidades\Box.h">
      <Filter>Archivos de encabezado\Entidades</Filter>
    </ClInclude>
    <ClInclude Include="Entidades\GlassParapet.h">
      <Filter>Archivos de encabezado\Entidades</Filter>
    </ClInclude>
    <ClInclude Include="Entidades\Grass.h">
      <Filter>Archivos de encabezado\Entidades</Filter>
    </ClInclude>
    <ClInclude Include="Entidades\Photo.h">
      <Filter>Archivos de encabezado\Entidades</Filter>
    </ClInclude>
    <ClInclude Include="TextureManager.h">
      <Filter>Archivos de encabezado</Filter>
    </ClInclude>
    <ClInclude Include="IndexMesh.h">
      <Filter>Archivos de encabezado</Filter>
    </ClInclude>
    <ClInclude Include="Entidades\Torus.h">
      <Filter>Archivos de encabezado\Entidades</Filter>
    </ClInclude>
    <ClInclude Include="Escenas\Scene5.h">
      <Filter>Archivos de encabezado\Escenas</Filter>
    </ClInclude>
    <ClInclude Include="Entidades\ColorMaterialEntity.h">
      <Filter>Archivos de encabezado\Entidades</Filter>
    </ClInclude>
    <ClInclude Include="Escenas\Scene6.h">
      <Filter>Archivos de encabezado\Escenas</Filter>
    </ClInclude>
    <ClInclude Include="Entidades\IndexedBox.h">
      <Filter>Archivos de encabezado\Entidades</Filter>
    </ClInclude>
    <ClInclude Include="Entidades\Sphere.h">
      <Filter>Archivos de encabezado\Entidades</Filter>
    </ClInclude>
    <ClInclude Include="Escenas\Scene7.h">
      <Filter>Archivos de encabezado\Escenas</Filter>
    </ClInclude>
    <ClInclude Include="Entidades\Disk.h">
      <Filter>Archivos de encabezado\Entidades</Filter>
    </ClInclude>
    <ClInclude Include="Entidades\Cone.h">
      <Filter>Archivos de encabezado\Entidades</Filter>
    </ClInclude>
    <ClInclude Include="Entidades\CompoundEntity.h">
      <Filter>Archivos de encabezado\Entidades</Filter>
    </ClInclude>
    <ClInclude Include="Entidades\SphereWithTexture.h">
      <Filter>Archivos de encabezado\Entidades</Filter>
    </ClInclude>
    <ClInclude Include="Entidades\Droid.h">
      <Filter>Archivos de encabezado\Entidades</Filter>
    </ClInclude>
    <ClInclude Include="Escenas\Scene8.h">
      <Filter>Archivos de encabezado\Escenas</Filter>
    </ClInclude>
    <ClInclude Include="Escenas\Scene9.h">
      <Filter>Archivos de encabezado\Escenas</Filter>
    </ClInclude>
    <ClInclude Include="Entidades\SnowMan.h">
      <Filter>Archivos de encabezado\Entidades</Filter>
    </ClInclude>
    <ClInclude Include="Material.h">
      <Filter>Archivos de encabezado</Filter>
    </ClInclude>
    <ClInclude Include="Entidades\EntityWithMaterial.h">
      <Filter>Archivos de encabezado\Entidades</Filter>
    </ClInclude>
    <ClInclude Include="Light.h">
      <Filter>Archivos de encabezado</Filter>
    </ClInclude>
    <ClInclude Include="Escenas\Scene10.h">
      <Filter>Archivos de encabezado\Escenas</Filter>
    </ClInclude>
    <ClInclude Include="Escenas\SceneFinal.h">
      <Filter>Archivos de encabezado\Escenas</Filter>
    </ClInclude>
  </ItemGroup>
  <ItemGroup>
    <ClCompile Include="Scene.cpp">
      <Filter>Archivos de código fuente</Filter>
    </ClCompile>
    <ClCompile Include="Shader.cpp">
      <Filter>Archivos de código fuente</Filter>
    </ClCompile>
    <ClCompile Include="Mesh.cpp">
      <Filter>Archivos de código fuente</Filter>
    </ClCompile>
    <ClCompile Include="main.cpp">
      <Filter>Archivos de código fuente</Filter>
    </ClCompile>
    <ClCompile Include="Camera.cpp">
      <Filter>Archivos de código fuente</Filter>
    </ClCompile>
    <ClCompile Include="Viewport.cpp">
      <Filter>Archivos de código fuente</Filter>
    </ClCompile>
    <ClCompile Include="Entity.cpp">
      <Filter>Archivos de código fuente</Filter>
    </ClCompile>
    <ClCompile Include="IG1App.cpp">
      <Filter>Archivos de código fuente</Filter>
    </ClCompile>
    <ClCompile Include="..\libs\glad\src\glad.c">
      <Filter>Archivos de código fuente\Bibliotecas</Filter>
    </ClCompile>
    <ClCompile Include="Image.cpp">
      <Filter>Archivos de código fuente</Filter>
    </ClCompile>
    <ClCompile Include="Texture.cpp">
      <Filter>Archivos de código fuente</Filter>
    </ClCompile>
    <ClCompile Include="Escenas\Scene1.cpp">
      <Filter>Archivos de código fuente\Escenas</Filter>
    </ClCompile>
    <ClCompile Include="Escenas\Scene2.cpp">
      <Filter>Archivos de código fuente\Escenas</Filter>
    </ClCompile>
    <ClCompile Include="Escenas\Scene3.cpp">
      <Filter>Archivos de código fuente\Escenas</Filter>
    </ClCompile>
    <ClCompile Include="Entidades\SingleColorEntity.cpp">
      <Filter>Archivos de código fuente\Entidades</Filter>
    </ClCompile>
    <ClCompile Include="Entidades\RegularPolygon.cpp">
      <Filter>Archivos de código fuente\Entidades</Filter>
    </ClCompile>
    <ClCompile Include="Entidades\RGBTriangle.cpp">
      <Filter>Archivos de código fuente\Entidades</Filter>
    </ClCompile>
    <ClCompile Include="Entidades\RGBRectangle.cpp">
      <Filter>Archivos de código fuente\Entidades</Filter>
    </ClCompile>
    <ClCompile Include="Entidades\Cube.cpp">
      <Filter>Archivos de código fuente\Entidades</Filter>
    </ClCompile>
    <ClCompile Include="Entidades\RGBCube.cpp">
      <Filter>Archivos de código fuente\Entidades</Filter>
    </ClCompile>
    <ClCompile Include="Escenas\Scene4.cpp">
      <Filter>Archivos de código fuente\Escenas</Filter>
    </ClCompile>
    <ClCompile Include="Entidades\Ground.cpp">
      <Filter>Archivos de código fuente\Entidades</Filter>
    </ClCompile>
    <ClCompile Include="Entidades\BoxOutline.cpp">
      <Filter>Archivos de código fuente\Entidades</Filter>
    </ClCompile>
    <ClCompile Include="Entidades\EntityWithTexture.cpp">
      <Filter>Archivos de código fuente\Entidades</Filter>
    </ClCompile>
    <ClCompile Include="Entidades\Star3D.cpp">
      <Filter>Archivos de código fuente\Entidades</Filter>
    </ClCompile>
    <ClCompile Include="Entidades\Box.cpp">
      <Filter>Archivos de código fuente\Entidades</Filter>
    </ClCompile>
    <ClCompile Include="Entidades\GlassParapet.cpp">
      <Filter>Archivos de código fuente\Entidades</Filter>
    </ClCompile>
    <ClCompile Include="Entidades\Grass.cpp">
      <Filter>Archivos de código fuente\Entidades</Filter>
    </ClCompile>
    <ClCompile Include="Entidades\Photo.cpp">
      <Filter>Archivos de código fuente\Entidades</Filter>
    </ClCompile>
    <ClCompile Include="TextureManager.cpp">
      <Filter>Archivos de código fuente</Filter>
    </ClCompile>
    <ClCompile Include="Entidades\Torus.cpp">
      <Filter>Archivos de código fuente\Entidades</Filter>
    </ClCompile>
    <ClCompile Include="Escenas\Scene5.cpp">
      <Filter>Archivos de código fuente\Escenas</Filter>
    </ClCompile>
    <ClCompile Include="Entidades\ColorMaterialEntity.cpp">
      <Filter>Archivos de código fuente\Entidades</Filter>
    </ClCompile>
    <ClCompile Include="IndexMesh.cpp">
      <Filter>Archivos de código fuente</Filter>
    </ClCompile>
    <ClCompile Include="Escenas\Scene6.cpp">
      <Filter>Archivos de código fuente\Escenas</Filter>
    </ClCompile>
    <ClCompile Include="Entidades\IndexedBox.cpp">
      <Filter>Archivos de código fuente\Entidades</Filter>
    </ClCompile>
    <ClCompile Include="Entidades\Sphere.cpp">
      <Filter>Archivos de código fuente\Entidades</Filter>
    </ClCompile>
    <ClCompile Include="Escenas\Scene7.cpp">
      <Filter>Archivos de código fuente\Escenas</Filter>
    </ClCompile>
    <ClCompile Include="Entidades\Disk.cpp">
      <Filter>Archivos de código fuente\Entidades</Filter>
    </ClCompile>
    <ClCompile Include="Entidades\Cone.cpp">
      <Filter>Archivos de código fuente\Entidades</Filter>
    </ClCompile>
    <ClCompile Include="Entidades\CompoundEntity.cpp">
      <Filter>Archivos de código fuente\Entidades</Filter>
    </ClCompile>
    <ClCompile Include="Entidades\SphereWithTexture.cpp">
      <Filter>Archivos de código fuente\Entidades</Filter>
    </ClCompile>
    <ClCompile Include="Entidades\Droid.cpp">
      <Filter>Archivos de código fuente\Entidades</Filter>
    </ClCompile>
    <ClCompile Include="Escenas\Scene8.cpp">
      <Filter>Archivos de código fuente\Escenas</Filter>
    </ClCompile>
    <ClCompile Include="Escenas\Scene9.cpp">
      <Filter>Archivos de código fuente\Escenas</Filter>
    </ClCompile>
    <ClCompile Include="Entidades\SnowMan.cpp">
      <Filter>Archivos de código fuente\Entidades</Filter>
    </ClCompile>
    <ClCompile Include="Material.cpp">
      <Filter>Archivos de código fuente</Filter>
    </ClCompile>
    <ClCompile Include="Entidades\EntityWithMaterial.cpp">
      <Filter>Archivos de código fuente\Entidades</Filter>
    </ClCompile>
    <ClCompile Include="Light.cpp">
      <Filter>Archivos de código fuente</Filter>
    </ClCompile>
    <ClCompile Include="Escenas\Scene10.cpp">
      <Filter>Archivos de código fuente\Escenas</Filter>
    </ClCompile>
    <ClCompile Include="Escenas\SceneFinal.cpp">
      <Filter>Archivos de código fuente\Escenas</Filter>
    </ClCompile>
  </ItemGroup>
</Project>